
Microsoft Visual Studio Solution File, Format Version 12.00
# Visual Studio Version 17
VisualStudioVersion = 17.6.33829.357
MinimumVisualStudioVersion = 10.0.40219.1
Project("{FAE04EC0-301F-11D3-BF4B-00C04F79EFBC}") = "pro6", "pro6\pro6.csproj", "{1535FBBD-04D6-4AE3-8B6A-95DE9E849EBE}"
EndProject
Global
	GlobalSection(SolutionConfigurationPlatforms) = preSolution
		Debug|Any CPU = Debug|Any CPU
		Release|Any CPU = Release|Any CPU
	EndGlobalSection
	GlobalSection(ProjectConfigurationPlatforms) = postSolution
		{1535FBBD-04D6-4AE3-8B6A-95DE9E849EBE}.Debug|Any CPU.ActiveCfg = Debug|Any CPU
		{1535FBBD-04D6-4AE3-8B6A-95DE9E849EBE}.Debug|Any CPU.Build.0 = Debug|Any CPU
		{1535FBBD-04D6-4AE3-8B6A-95DE9E849EBE}.Release|Any CPU.ActiveCfg = Release|Any CPU
		{1535FBBD-04D6-4AE3-8B6A-95DE9E849EBE}.Release|Any CPU.Build.0 = Release|Any CPU
	EndGlobalSection
	GlobalSection(SolutionProperties) = preSolution
		HideSolutionNode = FALSE
	EndGlobalSection
	GlobalSection(ExtensibilityGlobals) = postSolution
		SolutionGuid = {5B93995F-DE03-4A4D-AC5E-E5754539A99E}
	EndGlobalSection
EndGlobal
